
Microsoft Visual Studio Solution File, Format Version 12.00
# Visual Studio Version 17
VisualStudioVersion = 17.5.33627.172
MinimumVisualStudioVersion = 10.0.40219.1
Project("{FAE04EC0-301F-11D3-BF4B-00C04F79EFBC}") = "Nasa.ANTS.Simulation", "NasaSimulation\Nasa.ANTS.Simulation.csproj", "{4A6B51E7-2035-4688-8F75-3F21E9845DA6}"
EndProject
Project("{2150E333-8FDC-42A3-9474-1A3956D46DE8}") = "Document", "Document", "{1B109B9C-D613-446B-9449-486CD51A4CDB}"
	ProjectSection(SolutionItems) = preProject
		..\document\document.docx = ..\document\document.docx
		..\document\document.pdf = ..\document\document.pdf
	EndProjectSection
EndProject
Global
	GlobalSection(SolutionConfigurationPlatforms) = preSolution
		Debug|Any CPU = Debug|Any CPU
		Release|Any CPU = Release|Any CPU
	EndGlobalSection
	GlobalSection(ProjectConfigurationPlatforms) = postSolution
		{4A6B51E7-2035-4688-8F75-3F21E9845DA6}.Debug|Any CPU.ActiveCfg = Debug|Any CPU
		{4A6B51E7-2035-4688-8F75-3F21E9845DA6}.Debug|Any CPU.Build.0 = Debug|Any CPU
		{4A6B51E7-2035-4688-8F75-3F21E9845DA6}.Release|Any CPU.ActiveCfg = Release|Any CPU
		{4A6B51E7-2035-4688-8F75-3F21E9845DA6}.Release|Any CPU.Build.0 = Release|Any CPU
	EndGlobalSection
	GlobalSection(SolutionProperties) = preSolution
		HideSolutionNode = FALSE
	EndGlobalSection
	GlobalSection(ExtensibilityGlobals) = postSolution
		SolutionGuid = {060337FA-429B-441C-8FDB-2E7581DEF678}
	EndGlobalSection
EndGlobal
